
Microsoft Visual Studio Solution File, Format Version 12.00
# Visual Studio 15
VisualStudioVersion = 15.0.27428.2037
MinimumVisualStudioVersion = 10.0.40219.1
Project("{FAE04EC0-301F-11D3-BF4B-00C04F79EFBC}") = "ACMOOP.BL", "ACMOOP.BL\ACMOOP.BL.csproj", "{BBBD36FF-4A4B-4FC5-8918-4E290F5F179A}"
EndProject
Global
	GlobalSection(SolutionConfigurationPlatforms) = preSolution
		Debug|Any CPU = Debug|Any CPU
		Release|Any CPU = Release|Any CPU
	EndGlobalSection
	GlobalSection(ProjectConfigurationPlatforms) = postSolution
		{BBBD36FF-4A4B-4FC5-8918-4E290F5F179A}.Debug|Any CPU.ActiveCfg = Debug|Any CPU
		{BBBD36FF-4A4B-4FC5-8918-4E290F5F179A}.Debug|Any CPU.Build.0 = Debug|Any CPU
		{BBBD36FF-4A4B-4FC5-8918-4E290F5F179A}.Release|Any CPU.ActiveCfg = Release|Any CPU
		{BBBD36FF-4A4B-4FC5-8918-4E290F5F179A}.Release|Any CPU.Build.0 = Release|Any CPU
	EndGlobalSection
	GlobalSection(SolutionProperties) = preSolution
		HideSolutionNode = FALSE
	EndGlobalSection
	GlobalSection(ExtensibilityGlobals) = postSolution
		SolutionGuid = {EB8089C4-9EA6-4C36-8B3F-17882CD5B006}
	EndGlobalSection
EndGlobal
